// !$*UTF8*$!
{
	archiveVersion = 1;
	classes = {
	};
	objectVersion = 48;
	objects = {

/* Begin PBXBuildFile section */
		24302B79ED0FE94A53E0FC01 /* Pods_fastlane_sampleTests.framework in Frameworks */ = {isa = PBXBuildFile; fileRef = 149B2F22F1DA40900F471C34 /* Pods_fastlane_sampleTests.framework */; };
		7CD2A770A6F18B4B3E4F063B /* Pods_fastlane_sample.framework in Frameworks */ = {isa = PBXBuildFile; fileRef = B101BC41F0F0CB121CB4E269 /* Pods_fastlane_sample.framework */; };
		B663955C1FD859AE008F3BC6 /* AppDelegate.swift in Sources */ = {isa = PBXBuildFile; fileRef = B663955B1FD859AE008F3BC6 /* AppDelegate.swift */; };
		B663955E1FD859AE008F3BC6 /* ViewController.swift in Sources */ = {isa = PBXBuildFile; fileRef = B663955D1FD859AE008F3BC6 /* ViewController.swift */; };
		B66395611FD859AE008F3BC6 /* Main.storyboard in Resources */ = {isa = PBXBuildFile; fileRef = B663955F1FD859AE008F3BC6 /* Main.storyboard */; };
		B66395631FD859AE008F3BC6 /* Assets.xcassets in Resources */ = {isa = PBXBuildFile; fileRef = B66395621FD859AE008F3BC6 /* Assets.xcassets */; };
		B66395661FD859AE008F3BC6 /* LaunchScreen.storyboard in Resources */ = {isa = PBXBuildFile; fileRef = B66395641FD859AE008F3BC6 /* LaunchScreen.storyboard */; };
		B66395711FD859AE008F3BC6 /* fastlane_sampleTests.swift in Sources */ = {isa = PBXBuildFile; fileRef = B66395701FD859AE008F3BC6 /* fastlane_sampleTests.swift */; };
		B663957C1FD859AE008F3BC6 /* fastlane_sampleUITests.swift in Sources */ = {isa = PBXBuildFile; fileRef = B663957B1FD859AE008F3BC6 /* fastlane_sampleUITests.swift */; };
		D9CFC6BB9F7D34F6DDA9EB1C /* Pods_fastlane_sampleUITests.framework in Frameworks */ = {isa = PBXBuildFile; fileRef = 987D60B12BA949185C076A42 /* Pods_fastlane_sampleUITests.framework */; };
/* End PBXBuildFile section */

/* Begin PBXContainerItemProxy section */
		B663956D1FD859AE008F3BC6 /* PBXContainerItemProxy */ = {
			isa = PBXContainerItemProxy;
			containerPortal = B66395501FD859AE008F3BC6 /* Project object */;
			proxyType = 1;
			remoteGlobalIDString = B66395571FD859AE008F3BC6;
			remoteInfo = fastlane_sample;
		};
		B66395781FD859AE008F3BC6 /* PBXContainerItemProxy */ = {
			isa = PBXContainerItemProxy;
			containerPortal = B66395501FD859AE008F3BC6 /* Project object */;
			proxyType = 1;
			remoteGlobalIDString = B66395571FD859AE008F3BC6;
			remoteInfo = fastlane_sample;
		};
/* End PBXContainerItemProxy section */

/* Begin PBXFileReference section */
		149B2F22F1DA40900F471C34 /* Pods_fastlane_sampleTests.framework */ = {isa = PBXFileReference; explicitFileType = wrapper.framework; includeInIndex = 0; path = Pods_fastlane_sampleTests.framework; sourceTree = BUILT_PRODUCTS_DIR; };
		5E4077690EDDE3125E61F1EF /* Pods-fastlane_sample.release.xcconfig */ = {isa = PBXFileReference; includeInIndex = 1; lastKnownFileType = text.xcconfig; name = "Pods-fastlane_sample.release.xcconfig"; path = "Pods/Target Support Files/Pods-fastlane_sample/Pods-fastlane_sample.release.xcconfig"; sourceTree = "<group>"; };
		7AEE793A0DCB43B12A082843 /* Pods-fastlane_sampleUITests.release.xcconfig */ = {isa = PBXFileReference; includeInIndex = 1; lastKnownFileType = text.xcconfig; name = "Pods-fastlane_sampleUITests.release.xcconfig"; path = "Pods/Target Support Files/Pods-fastlane_sampleUITests/Pods-fastlane_sampleUITests.release.xcconfig"; sourceTree = "<group>"; };
		987D60B12BA949185C076A42 /* Pods_fastlane_sampleUITests.framework */ = {isa = PBXFileReference; explicitFileType = wrapper.framework; includeInIndex = 0; path = Pods_fastlane_sampleUITests.framework; sourceTree = BUILT_PRODUCTS_DIR; };
		A7284DCB99DD9E3E6E32367B /* Pods-fastlane_sample.debug.xcconfig */ = {isa = PBXFileReference; includeInIndex = 1; lastKnownFileType = text.xcconfig; name = "Pods-fastlane_sample.debug.xcconfig"; path = "Pods/Target Support Files/Pods-fastlane_sample/Pods-fastlane_sample.debug.xcconfig"; sourceTree = "<group>"; };
		B101BC41F0F0CB121CB4E269 /* Pods_fastlane_sample.framework */ = {isa = PBXFileReference; explicitFileType = wrapper.framework; includeInIndex = 0; path = Pods_fastlane_sample.framework; sourceTree = BUILT_PRODUCTS_DIR; };
		B66395581FD859AE008F3BC6 /* fastlane_sample.app */ = {isa = PBXFileReference; explicitFileType = wrapper.application; includeInIndex = 0; path = fastlane_sample.app; sourceTree = BUILT_PRODUCTS_DIR; };
		B663955B1FD859AE008F3BC6 /* AppDelegate.swift */ = {isa = PBXFileReference; lastKnownFileType = sourcecode.swift; path = AppDelegate.swift; sourceTree = "<group>"; };
		B663955D1FD859AE008F3BC6 /* ViewController.swift */ = {isa = PBXFileReference; lastKnownFileType = sourcecode.swift; path = ViewController.swift; sourceTree = "<group>"; };
		B66395601FD859AE008F3BC6 /* Base */ = {isa = PBXFileReference; lastKnownFileType = file.storyboard; name = Base; path = Base.lproj/Main.storyboard; sourceTree = "<group>"; };
		B66395621FD859AE008F3BC6 /* Assets.xcassets */ = {isa = PBXFileReference; lastKnownFileType = folder.assetcatalog; path = Assets.xcassets; sourceTree = "<group>"; };
		B66395651FD859AE008F3BC6 /* Base */ = {isa = PBXFileReference; lastKnownFileType = file.storyboard; name = Base; path = Base.lproj/LaunchScreen.storyboard; sourceTree = "<group>"; };
		B66395671FD859AE008F3BC6 /* Info.plist */ = {isa = PBXFileReference; lastKnownFileType = text.plist.xml; path = Info.plist; sourceTree = "<group>"; };
		B663956C1FD859AE008F3BC6 /* fastlane_sampleTests.xctest */ = {isa = PBXFileReference; explicitFileType = wrapper.cfbundle; includeInIndex = 0; path = fastlane_sampleTests.xctest; sourceTree = BUILT_PRODUCTS_DIR; };
		B66395701FD859AE008F3BC6 /* fastlane_sampleTests.swift */ = {isa = PBXFileReference; lastKnownFileType = sourcecode.swift; path = fastlane_sampleTests.swift; sourceTree = "<group>"; };
		B66395721FD859AE008F3BC6 /* Info.plist */ = {isa = PBXFileReference; lastKnownFileType = text.plist.xml; path = Info.plist; sourceTree = "<group>"; };
		B66395771FD859AE008F3BC6 /* fastlane_sampleUITests.xctest */ = {isa = PBXFileReference; explicitFileType = wrapper.cfbundle; includeInIndex = 0; path = fastlane_sampleUITests.xctest; sourceTree = BUILT_PRODUCTS_DIR; };
		B663957B1FD859AE008F3BC6 /* fastlane_sampleUITests.swift */ = {isa = PBXFileReference; lastKnownFileType = sourcecode.swift; path = fastlane_sampleUITests.swift; sourceTree = "<group>"; };
		B663957D1FD859AE008F3BC6 /* Info.plist */ = {isa = PBXFileReference; lastKnownFileType = text.plist.xml; path = Info.plist; sourceTree = "<group>"; };
		E89048B675DE10B676730BE8 /* Pods-fastlane_sampleTests.release.xcconfig */ = {isa = PBXFileReference; includeInIndex = 1; lastKnownFileType = text.xcconfig; name = "Pods-fastlane_sampleTests.release.xcconfig"; path = "Pods/Target Support Files/Pods-fastlane_sampleTests/Pods-fastlane_sampleTests.release.xcconfig"; sourceTree = "<group>"; };
		F6EDDD480328BAB95CCFA2C5 /* Pods-fastlane_sampleTests.debug.xcconfig */ = {isa = PBXFileReference; includeInIndex = 1; lastKnownFileType = text.xcconfig; name = "Pods-fastlane_sampleTests.debug.xcconfig"; path = "Pods/Target Support Files/Pods-fastlane_sampleTests/Pods-fastlane_sampleTests.debug.xcconfig"; sourceTree = "<group>"; };
		FC4E949CF4D4291477E1316B /* Pods-fastlane_sampleUITests.debug.xcconfig */ = {isa = PBXFileReference; includeInIndex = 1; lastKnownFileType = text.xcconfig; name = "Pods-fastlane_sampleUITests.debug.xcconfig"; path = "Pods/Target Support Files/Pods-fastlane_sampleUITests/Pods-fastlane_sampleUITests.debug.xcconfig"; sourceTree = "<group>"; };
/* End PBXFileReference section */

/* Begin PBXFrameworksBuildPhase section */
		B66395551FD859AE008F3BC6 /* Frameworks */ = {
			isa = PBXFrameworksBuildPhase;
			buildActionMask = 2147483647;
			files = (
				7CD2A770A6F18B4B3E4F063B /* Pods_fastlane_sample.framework in Frameworks */,
			);
			runOnlyForDeploymentPostprocessing = 0;
		};
		B66395691FD859AE008F3BC6 /* Frameworks */ = {
			isa = PBXFrameworksBuildPhase;
			buildActionMask = 2147483647;
			files = (
				24302B79ED0FE94A53E0FC01 /* Pods_fastlane_sampleTests.framework in Frameworks */,
			);
			runOnlyForDeploymentPostprocessing = 0;
		};
		B66395741FD859AE008F3BC6 /* Frameworks */ = {
			isa = PBXFrameworksBuildPhase;
			buildActionMask = 2147483647;
			files = (
				D9CFC6BB9F7D34F6DDA9EB1C /* Pods_fastlane_sampleUITests.framework in Frameworks */,
			);
			runOnlyForDeploymentPostprocessing = 0;
		};
/* End PBXFrameworksBuildPhase section */

/* Begin PBXGroup section */
		B663954F1FD859AE008F3BC6 = {
			isa = PBXGroup;
			children = (
				B663955A1FD859AE008F3BC6 /* fastlane_sample */,
				B663956F1FD859AE008F3BC6 /* fastlane_sampleTests */,
				B663957A1FD859AE008F3BC6 /* fastlane_sampleUITests */,
				B66395591FD859AE008F3BC6 /* Products */,
				F401F771B50419F87230DCD8 /* Pods */,
				D396DFBD7255A143D527DECC /* Frameworks */,
			);
			sourceTree = "<group>";
		};
		B66395591FD859AE008F3BC6 /* Products */ = {
			isa = PBXGroup;
			children = (
				B66395581FD859AE008F3BC6 /* fastlane_sample.app */,
				B663956C1FD859AE008F3BC6 /* fastlane_sampleTests.xctest */,
				B66395771FD859AE008F3BC6 /* fastlane_sampleUITests.xctest */,
			);
			name = Products;
			sourceTree = "<group>";
		};
		B663955A1FD859AE008F3BC6 /* fastlane_sample */ = {
			isa = PBXGroup;
			children = (
				B663955B1FD859AE008F3BC6 /* AppDelegate.swift */,
				B663955D1FD859AE008F3BC6 /* ViewController.swift */,
				B663955F1FD859AE008F3BC6 /* Main.storyboard */,
				B66395621FD859AE008F3BC6 /* Assets.xcassets */,
				B66395641FD859AE008F3BC6 /* LaunchScreen.storyboard */,
				B66395671FD859AE008F3BC6 /* Info.plist */,
			);
			path = fastlane_sample;
			sourceTree = "<group>";
		};
		B663956F1FD859AE008F3BC6 /* fastlane_sampleTests */ = {
			isa = PBXGroup;
			children = (
				B66395701FD859AE008F3BC6 /* fastlane_sampleTests.swift */,
				B66395721FD859AE008F3BC6 /* Info.plist */,
			);
			path = fastlane_sampleTests;
			sourceTree = "<group>";
		};
		B663957A1FD859AE008F3BC6 /* fastlane_sampleUITests */ = {
			isa = PBXGroup;
			children = (
				B663957B1FD859AE008F3BC6 /* fastlane_sampleUITests.swift */,
				B663957D1FD859AE008F3BC6 /* Info.plist */,
			);
			path = fastlane_sampleUITests;
			sourceTree = "<group>";
		};
		D396DFBD7255A143D527DECC /* Frameworks */ = {
			isa = PBXGroup;
			children = (
				B101BC41F0F0CB121CB4E269 /* Pods_fastlane_sample.framework */,
				149B2F22F1DA40900F471C34 /* Pods_fastlane_sampleTests.framework */,
				987D60B12BA949185C076A42 /* Pods_fastlane_sampleUITests.framework */,
			);
			name = Frameworks;
			sourceTree = "<group>";
		};
		F401F771B50419F87230DCD8 /* Pods */ = {
			isa = PBXGroup;
			children = (
				A7284DCB99DD9E3E6E32367B /* Pods-fastlane_sample.debug.xcconfig */,
				5E4077690EDDE3125E61F1EF /* Pods-fastlane_sample.release.xcconfig */,
				F6EDDD480328BAB95CCFA2C5 /* Pods-fastlane_sampleTests.debug.xcconfig */,
				E89048B675DE10B676730BE8 /* Pods-fastlane_sampleTests.release.xcconfig */,
				FC4E949CF4D4291477E1316B /* Pods-fastlane_sampleUITests.debug.xcconfig */,
				7AEE793A0DCB43B12A082843 /* Pods-fastlane_sampleUITests.release.xcconfig */,
			);
			name = Pods;
			sourceTree = "<group>";
		};
/* End PBXGroup section */

/* Begin PBXNativeTarget section */
		B66395571FD859AE008F3BC6 /* fastlane_sample */ = {
			isa = PBXNativeTarget;
			buildConfigurationList = B66395801FD859AE008F3BC6 /* Build configuration list for PBXNativeTarget "fastlane_sample" */;
			buildPhases = (
				EC068835785E871476B9F28E /* [CP] Check Pods Manifest.lock */,
				B66395541FD859AE008F3BC6 /* Sources */,
				B66395551FD859AE008F3BC6 /* Frameworks */,
				B66395561FD859AE008F3BC6 /* Resources */,
				29A9D0DD9AEE00AF7CEBA029 /* [CP] Embed Pods Frameworks */,
				5252AD99635AD8D8B7842FD7 /* [CP] Copy Pods Resources */,
			);
			buildRules = (
			);
			dependencies = (
			);
			name = fastlane_sample;
			productName = fastlane_sample;
			productReference = B66395581FD859AE008F3BC6 /* fastlane_sample.app */;
			productType = "com.apple.product-type.application";
		};
		B663956B1FD859AE008F3BC6 /* fastlane_sampleTests */ = {
			isa = PBXNativeTarget;
			buildConfigurationList = B66395831FD859AE008F3BC6 /* Build configuration list for PBXNativeTarget "fastlane_sampleTests" */;
			buildPhases = (
				426A90921287F7AB6FEA3BF0 /* [CP] Check Pods Manifest.lock */,
				B66395681FD859AE008F3BC6 /* Sources */,
				B66395691FD859AE008F3BC6 /* Frameworks */,
				B663956A1FD859AE008F3BC6 /* Resources */,
				02AB91762397915BCA098E0C /* [CP] Embed Pods Frameworks */,
				9005323D1949BCC66D87C873 /* [CP] Copy Pods Resources */,
			);
			buildRules = (
			);
			dependencies = (
				B663956E1FD859AE008F3BC6 /* PBXTargetDependency */,
			);
			name = fastlane_sampleTests;
			productName = fastlane_sampleTests;
			productReference = B663956C1FD859AE008F3BC6 /* fastlane_sampleTests.xctest */;
			productType = "com.apple.product-type.bundle.unit-test";
		};
		B66395761FD859AE008F3BC6 /* fastlane_sampleUITests */ = {
			isa = PBXNativeTarget;
			buildConfigurationList = B66395861FD859AE008F3BC6 /* Build configuration list for PBXNativeTarget "fastlane_sampleUITests" */;
			buildPhases = (
				155D905899AD155852DB1E99 /* [CP] Check Pods Manifest.lock */,
				B66395731FD859AE008F3BC6 /* Sources */,
				B66395741FD859AE008F3BC6 /* Frameworks */,
				B66395751FD859AE008F3BC6 /* Resources */,
				D6ABD0E76518AC7307013E06 /* [CP] Embed Pods Frameworks */,
				7BE704A29E97E541C2874EA8 /* [CP] Copy Pods Resources */,
			);
			buildRules = (
			);
			dependencies = (
				B66395791FD859AE008F3BC6 /* PBXTargetDependency */,
			);
			name = fastlane_sampleUITests;
			productName = fastlane_sampleUITests;
			productReference = B66395771FD859AE008F3BC6 /* fastlane_sampleUITests.xctest */;
			productType = "com.apple.product-type.bundle.ui-testing";
		};
/* End PBXNativeTarget section */

/* Begin PBXProject section */
		B66395501FD859AE008F3BC6 /* Project object */ = {
			isa = PBXProject;
			attributes = {
				LastSwiftUpdateCheck = 0910;
				LastUpgradeCheck = 0910;
				ORGANIZATIONNAME = "Barnabás Birmacher";
				TargetAttributes = {
					B66395571FD859AE008F3BC6 = {
						CreatedOnToolsVersion = 9.1;
						ProvisioningStyle = Automatic;
					};
					B663956B1FD859AE008F3BC6 = {
						CreatedOnToolsVersion = 9.1;
						ProvisioningStyle = Automatic;
						TestTargetID = B66395571FD859AE008F3BC6;
					};
					B66395761FD859AE008F3BC6 = {
						CreatedOnToolsVersion = 9.1;
						ProvisioningStyle = Automatic;
						TestTargetID = B66395571FD859AE008F3BC6;
					};
				};
			};
			buildConfigurationList = B66395531FD859AE008F3BC6 /* Build configuration list for PBXProject "fastlane_sample" */;
			compatibilityVersion = "Xcode 8.0";
			developmentRegion = en;
			hasScannedForEncodings = 0;
			knownRegions = (
				en,
				Base,
			);
			mainGroup = B663954F1FD859AE008F3BC6;
			productRefGroup = B66395591FD859AE008F3BC6 /* Products */;
			projectDirPath = "";
			projectRoot = "";
			targets = (
				B66395571FD859AE008F3BC6 /* fastlane_sample */,
				B663956B1FD859AE008F3BC6 /* fastlane_sampleTests */,
				B66395761FD859AE008F3BC6 /* fastlane_sampleUITests */,
			);
		};
/* End PBXProject section */

/* Begin PBXResourcesBuildPhase section */
		B66395561FD859AE008F3BC6 /* Resources */ = {
			isa = PBXResourcesBuildPhase;
			buildActionMask = 2147483647;
			files = (
				B66395661FD859AE008F3BC6 /* LaunchScreen.storyboard in Resources */,
				B66395631FD859AE008F3BC6 /* Assets.xcassets in Resources */,
				B66395611FD859AE008F3BC6 /* Main.storyboard in Resources */,
			);
			runOnlyForDeploymentPostprocessing = 0;
		};
		B663956A1FD859AE008F3BC6 /* Resources */ = {
			isa = PBXResourcesBuildPhase;
			buildActionMask = 2147483647;
			files = (
			);
			runOnlyForDeploymentPostprocessing = 0;
		};
		B66395751FD859AE008F3BC6 /* Resources */ = {
			isa = PBXResourcesBuildPhase;
			buildActionMask = 2147483647;
			files = (
			);
			runOnlyForDeploymentPostprocessing = 0;
		};
/* End PBXResourcesBuildPhase section */

/* Begin PBXShellScriptBuildPhase section */
		02AB91762397915BCA098E0C /* [CP] Embed Pods Frameworks */ = {
			isa = PBXShellScriptBuildPhase;
			buildActionMask = 2147483647;
			files = (
			);
			inputPaths = (
			);
			name = "[CP] Embed Pods Frameworks";
			outputPaths = (
			);
			runOnlyForDeploymentPostprocessing = 0;
			shellPath = /bin/sh;
			shellScript = "\"${SRCROOT}/Pods/Target Support Files/Pods-fastlane_sampleTests/Pods-fastlane_sampleTests-frameworks.sh\"\n";
			showEnvVarsInLog = 0;
		};
		155D905899AD155852DB1E99 /* [CP] Check Pods Manifest.lock */ = {
			isa = PBXShellScriptBuildPhase;
			buildActionMask = 2147483647;
			files = (
			);
			inputPaths = (
				"${PODS_PODFILE_DIR_PATH}/Podfile.lock",
				"${PODS_ROOT}/Manifest.lock",
			);
			name = "[CP] Check Pods Manifest.lock";
			outputPaths = (
				"$(DERIVED_FILE_DIR)/Pods-fastlane_sampleUITests-checkManifestLockResult.txt",
			);
			runOnlyForDeploymentPostprocessing = 0;
			shellPath = /bin/sh;
			shellScript = "diff \"${PODS_PODFILE_DIR_PATH}/Podfile.lock\" \"${PODS_ROOT}/Manifest.lock\" > /dev/null\nif [ $? != 0 ] ; then\n    # print error to STDERR\n    echo \"error: The sandbox is not in sync with the Podfile.lock. Run 'pod install' or update your CocoaPods installation.\" >&2\n    exit 1\nfi\n# This output is used by Xcode 'outputs' to avoid re-running this script phase.\necho \"SUCCESS\" > \"${SCRIPT_OUTPUT_FILE_0}\"\n";
			showEnvVarsInLog = 0;
		};
		29A9D0DD9AEE00AF7CEBA029 /* [CP] Embed Pods Frameworks */ = {
			isa = PBXShellScriptBuildPhase;
			buildActionMask = 2147483647;
			files = (
			);
			inputPaths = (
				"${SRCROOT}/Pods/Target Support Files/Pods-fastlane_sample/Pods-fastlane_sample-frameworks.sh",
				"${BUILT_PRODUCTS_DIR}/AFNetworking/AFNetworking.framework",
				"${BUILT_PRODUCTS_DIR}/FLKAutoLayout/FLKAutoLayout.framework",
				"${BUILT_PRODUCTS_DIR}/ORStackView/ORStackView.framework",
			);
			name = "[CP] Embed Pods Frameworks";
			outputPaths = (
				"${TARGET_BUILD_DIR}/${FRAMEWORKS_FOLDER_PATH}/AFNetworking.framework",
				"${TARGET_BUILD_DIR}/${FRAMEWORKS_FOLDER_PATH}/FLKAutoLayout.framework",
				"${TARGET_BUILD_DIR}/${FRAMEWORKS_FOLDER_PATH}/ORStackView.framework",
			);
			runOnlyForDeploymentPostprocessing = 0;
			shellPath = /bin/sh;
			shellScript = "\"${SRCROOT}/Pods/Target Support Files/Pods-fastlane_sample/Pods-fastlane_sample-frameworks.sh\"\n";
			showEnvVarsInLog = 0;
		};
		426A90921287F7AB6FEA3BF0 /* [CP] Check Pods Manifest.lock */ = {
			isa = PBXShellScriptBuildPhase;
			buildActionMask = 2147483647;
			files = (
			);
			inputPaths = (
				"${PODS_PODFILE_DIR_PATH}/Podfile.lock",
				"${PODS_ROOT}/Manifest.lock",
			);
			name = "[CP] Check Pods Manifest.lock";
			outputPaths = (
				"$(DERIVED_FILE_DIR)/Pods-fastlane_sampleTests-checkManifestLockResult.txt",
			);
			runOnlyForDeploymentPostprocessing = 0;
			shellPath = /bin/sh;
			shellScript = "diff \"${PODS_PODFILE_DIR_PATH}/Podfile.lock\" \"${PODS_ROOT}/Manifest.lock\" > /dev/null\nif [ $? != 0 ] ; then\n    # print error to STDERR\n    echo \"error: The sandbox is not in sync with the Podfile.lock. Run 'pod install' or update your CocoaPods installation.\" >&2\n    exit 1\nfi\n# This output is used by Xcode 'outputs' to avoid re-running this script phase.\necho \"SUCCESS\" > \"${SCRIPT_OUTPUT_FILE_0}\"\n";
			showEnvVarsInLog = 0;
		};
		5252AD99635AD8D8B7842FD7 /* [CP] Copy Pods Resources */ = {
			isa = PBXShellScriptBuildPhase;
			buildActionMask = 2147483647;
			files = (
			);
			inputPaths = (
			);
			name = "[CP] Copy Pods Resources";
			outputPaths = (
			);
			runOnlyForDeploymentPostprocessing = 0;
			shellPath = /bin/sh;
			shellScript = "\"${SRCROOT}/Pods/Target Support Files/Pods-fastlane_sample/Pods-fastlane_sample-resources.sh\"\n";
			showEnvVarsInLog = 0;
		};
		7BE704A29E97E541C2874EA8 /* [CP] Copy Pods Resources */ = {
			isa = PBXShellScriptBuildPhase;
			buildActionMask = 2147483647;
			files = (
			);
			inputPaths = (
			);
			name = "[CP] Copy Pods Resources";
			outputPaths = (
			);
			runOnlyForDeploymentPostprocessing = 0;
			shellPath = /bin/sh;
			shellScript = "\"${SRCROOT}/Pods/Target Support Files/Pods-fastlane_sampleUITests/Pods-fastlane_sampleUITests-resources.sh\"\n";
			showEnvVarsInLog = 0;
		};
		9005323D1949BCC66D87C873 /* [CP] Copy Pods Resources */ = {
			isa = PBXShellScriptBuildPhase;
			buildActionMask = 2147483647;
			files = (
			);
			inputPaths = (
			);
			name = "[CP] Copy Pods Resources";
			outputPaths = (
			);
			runOnlyForDeploymentPostprocessing = 0;
			shellPath = /bin/sh;
			shellScript = "\"${SRCROOT}/Pods/Target Support Files/Pods-fastlane_sampleTests/Pods-fastlane_sampleTests-resources.sh\"\n";
			showEnvVarsInLog = 0;
		};
		D6ABD0E76518AC7307013E06 /* [CP] Embed Pods Frameworks */ = {
			isa = PBXShellScriptBuildPhase;
			buildActionMask = 2147483647;
			files = (
			);
			inputPaths = (
			);
			name = "[CP] Embed Pods Frameworks";
			outputPaths = (
			);
			runOnlyForDeploymentPostprocessing = 0;
			shellPath = /bin/sh;
			shellScript = "\"${SRCROOT}/Pods/Target Support Files/Pods-fastlane_sampleUITests/Pods-fastlane_sampleUITests-frameworks.sh\"\n";
			showEnvVarsInLog = 0;
		};
		EC068835785E871476B9F28E /* [CP] Check Pods Manifest.lock */ = {
			isa = PBXShellScriptBuildPhase;
			buildActionMask = 2147483647;
			files = (
			);
			inputPaths = (
				"${PODS_PODFILE_DIR_PATH}/Podfile.lock",
				"${PODS_ROOT}/Manifest.lock",
			);
			name = "[CP] Check Pods Manifest.lock";
			outputPaths = (
				"$(DERIVED_FILE_DIR)/Pods-fastlane_sample-checkManifestLockResult.txt",
			);
			runOnlyForDeploymentPostprocessing = 0;
			shellPath = /bin/sh;
			shellScript = "diff \"${PODS_PODFILE_DIR_PATH}/Podfile.lock\" \"${PODS_ROOT}/Manifest.lock\" > /dev/null\nif [ $? != 0 ] ; then\n    # print error to STDERR\n    echo \"error: The sandbox is not in sync with the Podfile.lock. Run 'pod install' or update your CocoaPods installation.\" >&2\n    exit 1\nfi\n# This output is used by Xcode 'outputs' to avoid re-running this script phase.\necho \"SUCCESS\" > \"${SCRIPT_OUTPUT_FILE_0}\"\n";
			showEnvVarsInLog = 0;
		};
/* End PBXShellScriptBuildPhase section */

/* Begin PBXSourcesBuildPhase section */
		B66395541FD859AE008F3BC6 /* Sources */ = {
			isa = PBXSourcesBuildPhase;
			buildActionMask = 2147483647;
			files = (
				B663955E1FD859AE008F3BC6 /* ViewController.swift in Sources */,
				B663955C1FD859AE008F3BC6 /* AppDelegate.swift in Sources */,
			);
			runOnlyForDeploymentPostprocessing = 0;
		};
		B66395681FD859AE008F3BC6 /* Sources */ = {
			isa = PBXSourcesBuildPhase;
			buildActionMask = 2147483647;
			files = (
				B66395711FD859AE008F3BC6 /* fastlane_sampleTests.swift in Sources */,
			);
			runOnlyForDeploymentPostprocessing = 0;
		};
		B66395731FD859AE008F3BC6 /* Sources */ = {
			isa = PBXSourcesBuildPhase;
			buildActionMask = 2147483647;
			files = (
				B663957C1FD859AE008F3BC6 /* fastlane_sampleUITests.swift in Sources */,
			);
			runOnlyForDeploymentPostprocessing = 0;
		};
/* End PBXSourcesBuildPhase section */

/* Begin PBXTargetDependency section */
		B663956E1FD859AE008F3BC6 /* PBXTargetDependency */ = {
			isa = PBXTargetDependency;
			target = B66395571FD859AE008F3BC6 /* fastlane_sample */;
			targetProxy = B663956D1FD859AE008F3BC6 /* PBXContainerItemProxy */;
		};
		B66395791FD859AE008F3BC6 /* PBXTargetDependency */ = {
			isa = PBXTargetDependency;
			target = B66395571FD859AE008F3BC6 /* fastlane_sample */;
			targetProxy = B66395781FD859AE008F3BC6 /* PBXContainerItemProxy */;
		};
/* End PBXTargetDependency section */

/* Begin PBXVariantGroup section */
		B663955F1FD859AE008F3BC6 /* Main.storyboard */ = {
			isa = PBXVariantGroup;
			children = (
				B66395601FD859AE008F3BC6 /* Base */,
			);
			name = Main.storyboard;
			sourceTree = "<group>";
		};
		B66395641FD859AE008F3BC6 /* LaunchScreen.storyboard */ = {
			isa = PBXVariantGroup;
			children = (
				B66395651FD859AE008F3BC6 /* Base */,
			);
			name = LaunchScreen.storyboard;
			sourceTree = "<group>";
		};
/* End PBXVariantGroup section */

/* Begin XCBuildConfiguration section */
		B663957E1FD859AE008F3BC6 /* Debug */ = {
			isa = XCBuildConfiguration;
			buildSettings = {
				ALWAYS_SEARCH_USER_PATHS = NO;
				CLANG_ANALYZER_NONNULL = YES;
				CLANG_ANALYZER_NUMBER_OBJECT_CONVERSION = YES_AGGRESSIVE;
				CLANG_CXX_LANGUAGE_STANDARD = "gnu++14";
				CLANG_CXX_LIBRARY = "libc++";
				CLANG_ENABLE_MODULES = YES;
				CLANG_ENABLE_OBJC_ARC = YES;
				CLANG_WARN_BLOCK_CAPTURE_AUTORELEASING = YES;
				CLANG_WARN_BOOL_CONVERSION = YES;
				CLANG_WARN_COMMA = YES;
				CLANG_WARN_CONSTANT_CONVERSION = YES;
				CLANG_WARN_DIRECT_OBJC_ISA_USAGE = YES_ERROR;
				CLANG_WARN_DOCUMENTATION_COMMENTS = YES;
				CLANG_WARN_EMPTY_BODY = YES;
				CLANG_WARN_ENUM_CONVERSION = YES;
				CLANG_WARN_INFINITE_RECURSION = YES;
				CLANG_WARN_INT_CONVERSION = YES;
				CLANG_WARN_NON_LITERAL_NULL_CONVERSION = YES;
				CLANG_WARN_OBJC_LITERAL_CONVERSION = YES;
				CLANG_WARN_OBJC_ROOT_CLASS = YES_ERROR;
				CLANG_WARN_RANGE_LOOP_ANALYSIS = YES;
				CLANG_WARN_STRICT_PROTOTYPES = YES;
				CLANG_WARN_SUSPICIOUS_MOVE = YES;
				CLANG_WARN_UNGUARDED_AVAILABILITY = YES_AGGRESSIVE;
				CLANG_WARN_UNREACHABLE_CODE = YES;
				CLANG_WARN__DUPLICATE_METHOD_MATCH = YES;
				CODE_SIGN_IDENTITY = "iPhone Developer";
				COPY_PHASE_STRIP = NO;
				DEBUG_INFORMATION_FORMAT = dwarf;
				ENABLE_STRICT_OBJC_MSGSEND = YES;
				ENABLE_TESTABILITY = YES;
				GCC_C_LANGUAGE_STANDARD = gnu11;
				GCC_DYNAMIC_NO_PIC = NO;
				GCC_NO_COMMON_BLOCKS = YES;
				GCC_OPTIMIZATION_LEVEL = 0;
				GCC_PREPROCESSOR_DEFINITIONS = (
					"DEBUG=1",
					"$(inherited)",
				);
				GCC_WARN_64_TO_32_BIT_CONVERSION = YES;
				GCC_WARN_ABOUT_RETURN_TYPE = YES_ERROR;
				GCC_WARN_UNDECLARED_SELECTOR = YES;
				GCC_WARN_UNINITIALIZED_AUTOS = YES_AGGRESSIVE;
				GCC_WARN_UNUSED_FUNCTION = YES;
				GCC_WARN_UNUSED_VARIABLE = YES;
				IPHONEOS_DEPLOYMENT_TARGET = 11.1;
				MTL_ENABLE_DEBUG_INFO = YES;
				ONLY_ACTIVE_ARCH = YES;
				SDKROOT = iphoneos;
				SWIFT_ACTIVE_COMPILATION_CONDITIONS = DEBUG;
				SWIFT_OPTIMIZATION_LEVEL = "-Onone";
			};
			name = Debug;
		};
		B663957F1FD859AE008F3BC6 /* Release */ = {
			isa = XCBuildConfiguration;
			buildSettings = {
				ALWAYS_SEARCH_USER_PATHS = NO;
				CLANG_ANALYZER_NONNULL = YES;
				CLANG_ANALYZER_NUMBER_OBJECT_CONVERSION = YES_AGGRESSIVE;
				CLANG_CXX_LANGUAGE_STANDARD = "gnu++14";
				CLANG_CXX_LIBRARY = "libc++";
				CLANG_ENABLE_MODULES = YES;
				CLANG_ENABLE_OBJC_ARC = YES;
				CLANG_WARN_BLOCK_CAPTURE_AUTORELEASING = YES;
				CLANG_WARN_BOOL_CONVERSION = YES;
				CLANG_WARN_COMMA = YES;
				CLANG_WARN_CONSTANT_CONVERSION = YES;
				CLANG_WARN_DIRECT_OBJC_ISA_USAGE = YES_ERROR;
				CLANG_WARN_DOCUMENTATION_COMMENTS = YES;
				CLANG_WARN_EMPTY_BODY = YES;
				CLANG_WARN_ENUM_CONVERSION = YES;
				CLANG_WARN_INFINITE_RECURSION = YES;
				CLANG_WARN_INT_CONVERSION = YES;
				CLANG_WARN_NON_LITERAL_NULL_CONVERSION = YES;
				CLANG_WARN_OBJC_LITERAL_CONVERSION = YES;
				CLANG_WARN_OBJC_ROOT_CLASS = YES_ERROR;
				CLANG_WARN_RANGE_LOOP_ANALYSIS = YES;
				CLANG_WARN_STRICT_PROTOTYPES = YES;
				CLANG_WARN_SUSPICIOUS_MOVE = YES;
				CLANG_WARN_UNGUARDED_AVAILABILITY = YES_AGGRESSIVE;
				CLANG_WARN_UNREACHABLE_CODE = YES;
				CLANG_WARN__DUPLICATE_METHOD_MATCH = YES;
				CODE_SIGN_IDENTITY = "iPhone Developer";
				COPY_PHASE_STRIP = NO;
				DEBUG_INFORMATION_FORMAT = "dwarf-with-dsym";
				ENABLE_NS_ASSERTIONS = NO;
				ENABLE_STRICT_OBJC_MSGSEND = YES;
				GCC_C_LANGUAGE_STANDARD = gnu11;
				GCC_NO_COMMON_BLOCKS = YES;
				GCC_WARN_64_TO_32_BIT_CONVERSION = YES;
				GCC_WARN_ABOUT_RETURN_TYPE = YES_ERROR;
				GCC_WARN_UNDECLARED_SELECTOR = YES;
				GCC_WARN_UNINITIALIZED_AUTOS = YES_AGGRESSIVE;
				GCC_WARN_UNUSED_FUNCTION = YES;
				GCC_WARN_UNUSED_VARIABLE = YES;
				IPHONEOS_DEPLOYMENT_TARGET = 11.1;
				MTL_ENABLE_DEBUG_INFO = NO;
				SDKROOT = iphoneos;
				SWIFT_OPTIMIZATION_LEVEL = "-Owholemodule";
				VALIDATE_PRODUCT = YES;
			};
			name = Release;
		};
		B66395811FD859AE008F3BC6 /* Debug */ = {
			isa = XCBuildConfiguration;
			baseConfigurationReference = A7284DCB99DD9E3E6E32367B /* Pods-fastlane_sample.debug.xcconfig */;
			buildSettings = {
				ASSETCATALOG_COMPILER_APPICON_NAME = AppIcon;
				CODE_SIGN_STYLE = Automatic;
				DEVELOPMENT_TEAM = 72SA8V3WYL;
				INFOPLIST_FILE = fastlane_sample/Info.plist;
				LD_RUNPATH_SEARCH_PATHS = "$(inherited) @executable_path/Frameworks";
				PRODUCT_BUNDLE_IDENTIFIER = "com.bitrise.fastlane.fastlane-sample";
				PRODUCT_NAME = "$(TARGET_NAME)";
				SWIFT_VERSION = 4.0;
				TARGETED_DEVICE_FAMILY = "1,2";
			};
			name = Debug;
		};
		B66395821FD859AE008F3BC6 /* Release */ = {
			isa = XCBuildConfiguration;
			baseConfigurationReference = 5E4077690EDDE3125E61F1EF /* Pods-fastlane_sample.release.xcconfig */;
			buildSettings = {
				ASSETCATALOG_COMPILER_APPICON_NAME = AppIcon;
				CODE_SIGN_STYLE = Automatic;
				DEVELOPMENT_TEAM = 72SA8V3WYL;
				INFOPLIST_FILE = fastlane_sample/Info.plist;
				LD_RUNPATH_SEARCH_PATHS = "$(inherited) @executable_path/Frameworks";
				PRODUCT_BUNDLE_IDENTIFIER = "com.bitrise.fastlane.fastlane-sample";
				PRODUCT_NAME = "$(TARGET_NAME)";
				SWIFT_VERSION = 4.0;
				TARGETED_DEVICE_FAMILY = "1,2";
			};
			name = Release;
		};
		B66395841FD859AE008F3BC6 /* Debug */ = {
			isa = XCBuildConfiguration;
			baseConfigurationReference = F6EDDD480328BAB95CCFA2C5 /* Pods-fastlane_sampleTests.debug.xcconfig */;
			buildSettings = {
				ALWAYS_EMBED_SWIFT_STANDARD_LIBRARIES = YES;
				BUNDLE_LOADER = "$(TEST_HOST)";
				CODE_SIGN_STYLE = Automatic;
				DEVELOPMENT_TEAM = 72SA8V3WYL;
				INFOPLIST_FILE = fastlane_sampleTests/Info.plist;
				LD_RUNPATH_SEARCH_PATHS = "$(inherited) @executable_path/Frameworks @loader_path/Frameworks";
				PRODUCT_BUNDLE_IDENTIFIER = "com.bitrise.fastlane.fastlane-sampleTests";
				PRODUCT_NAME = "$(TARGET_NAME)";
				SWIFT_VERSION = 4.0;
				TARGETED_DEVICE_FAMILY = "1,2";
				TEST_HOST = "$(BUILT_PRODUCTS_DIR)/fastlane_sample.app/fastlane_sample";
			};
			name = Debug;
		};
		B66395851FD859AE008F3BC6 /* Release */ = {
			isa = XCBuildConfiguration;
			baseConfigurationReference = E89048B675DE10B676730BE8 /* Pods-fastlane_sampleTests.release.xcconfig */;
			buildSettings = {
				ALWAYS_EMBED_SWIFT_STANDARD_LIBRARIES = YES;
				BUNDLE_LOADER = "$(TEST_HOST)";
				CODE_SIGN_STYLE = Automatic;
				DEVELOPMENT_TEAM = 72SA8V3WYL;
				INFOPLIST_FILE = fastlane_sampleTests/Info.plist;
				LD_RUNPATH_SEARCH_PATHS = "$(inherited) @executable_path/Frameworks @loader_path/Frameworks";
				PRODUCT_BUNDLE_IDENTIFIER = "com.bitrise.fastlane.fastlane-sampleTests";
				PRODUCT_NAME = "$(TARGET_NAME)";
				SWIFT_VERSION = 4.0;
				TARGETED_DEVICE_FAMILY = "1,2";
				TEST_HOST = "$(BUILT_PRODUCTS_DIR)/fastlane_sample.app/fastlane_sample";
			};
			name = Release;
		};
		B66395871FD859AE008F3BC6 /* Debug */ = {
			isa = XCBuildConfiguration;
			baseConfigurationReference = FC4E949CF4D4291477E1316B /* Pods-fastlane_sampleUITests.debug.xcconfig */;
			buildSettings = {
				ALWAYS_EMBED_SWIFT_STANDARD_LIBRARIES = YES;
				CODE_SIGN_STYLE = Automatic;
				DEVELOPMENT_TEAM = 72SA8V3WYL;
				INFOPLIST_FILE = fastlane_sampleUITests/Info.plist;
				LD_RUNPATH_SEARCH_PATHS = "$(inherited) @executable_path/Frameworks @loader_path/Frameworks";
				PRODUCT_BUNDLE_IDENTIFIER = "com.bitrise.fastlane.fastlane-sampleUITests";
				PRODUCT_NAME = "$(TARGET_NAME)";
				SWIFT_VERSION = 4.0;
				TARGETED_DEVICE_FAMILY = "1,2";
				TEST_TARGET_NAME = fastlane_sample;
			};
			name = Debug;
		};
		B66395881FD859AE008F3BC6 /* Release */ = {
			isa = XCBuildConfiguration;
			baseConfigurationReference = 7AEE793A0DCB43B12A082843 /* Pods-fastlane_sampleUITests.release.xcconfig */;
			buildSettings = {
				ALWAYS_EMBED_SWIFT_STANDARD_LIBRARIES = YES;
				CODE_SIGN_STYLE = Automatic;
				DEVELOPMENT_TEAM = 72SA8V3WYL;
				INFOPLIST_FILE = fastlane_sampleUITests/Info.plist;
				LD_RUNPATH_SEARCH_PATHS = "$(inherited) @executable_path/Frameworks @loader_path/Frameworks";
				PRODUCT_BUNDLE_IDENTIFIER = "com.bitrise.fastlane.fastlane-sampleUITests";
				PRODUCT_NAME = "$(TARGET_NAME)";
				SWIFT_VERSION = 4.0;
				TARGETED_DEVICE_FAMILY = "1,2";
				TEST_TARGET_NAME = fastlane_sample;
			};
			name = Release;
		};
/* End XCBuildConfiguration section */

/* Begin XCConfigurationList section */
		B66395531FD859AE008F3BC6 /* Build configuration list for PBXProject "fastlane_sample" */ = {
			isa = XCConfigurationList;
			buildConfigurations = (
				B663957E1FD859AE008F3BC6 /* Debug */,
				B663957F1FD859AE008F3BC6 /* Release */,
			);
			defaultConfigurationIsVisible = 0;
			defaultConfigurationName = Release;
		};
		B66395801FD859AE008F3BC6 /* Build configuration list for PBXNativeTarget "fastlane_sample" */ = {
			isa = XCConfigurationList;
			buildConfigurations = (
				B66395811FD859AE008F3BC6 /* Debug */,
				B66395821FD859AE008F3BC6 /* Release */,
			);
			defaultConfigurationIsVisible = 0;
			defaultConfigurationName = Release;
		};
		B66395831FD859AE008F3BC6 /* Build configuration list for PBXNativeTarget "fastlane_sampleTests" */ = {
			isa = XCConfigurationList;
			buildConfigurations = (
				B66395841FD859AE008F3BC6 /* Debug */,
				B66395851FD859AE008F3BC6 /* Release */,
			);
			defaultConfigurationIsVisible = 0;
			defaultConfigurationName = Release;
		};
		B66395861FD859AE008F3BC6 /* Build configuration list for PBXNativeTarget "fastlane_sampleUITests" */ = {
			isa = XCConfigurationList;
			buildConfigurations = (
				B66395871FD859AE008F3BC6 /* Debug */,
				B66395881FD859AE008F3BC6 /* Release */,
			);
			defaultConfigurationIsVisible = 0;
			defaultConfigurationName = Release;
		};
/* End XCConfigurationList section */
	};
	rootObject = B66395501FD859AE008F3BC6 /* Project object */;
}
